// !$*UTF8*$!
{
	archiveVersion = 1;
	classes = {
	};
	objectVersion = 77;
	objects = {

/* Begin PBXBuildFile section */
		C7039B062F7D025C00047CF7 /* DynamicPublisher in Frameworks */ = {isa = PBXBuildFile; productRef = C7039B052F7D025C00047CF7 /* DynamicPublisher */; };
		C731A4712F702A7C00B93DAB /* A in Frameworks */ = {isa = PBXBuildFile; productRef = C731A4702F702A7C00B93DAB /* A */; };
		C731A4732F702A7F00B93DAB /* B in Frameworks */ = {isa = PBXBuildFile; productRef = C731A4722F702A7F00B93DAB /* B */; };
		C7C96AB92F7D452C00FB5725 /* DynamicPublisher in Frameworks */ = {isa = PBXBuildFile; productRef = C7C96AB82F7D452C00FB5725 /* DynamicPublisher */; };
/* End PBXBuildFile section */

/* Begin PBXContainerItemProxy section */
		C72F72102F7E86DF0003E3B1 /* PBXContainerItemProxy */ = {
			isa = PBXContainerItemProxy;
			containerPortal = C7F54BB82F701E6B00C02C6F /* Project object */;
			proxyType = 1;
			remoteGlobalIDString = C7C96A8F2F7D41C500FB5725;
			remoteInfo = "03 - Testable SwiftUI Views and ViewModels";
		};
		C78ABC802F879B8A00B7B600 /* PBXContainerItemProxy */ = {
			isa = PBXContainerItemProxy;
			containerPortal = C7F54BB82F701E6B00C02C6F /* Project object */;
			proxyType = 1;
			remoteGlobalIDString = C78ABC722F879B8900B7B600;
			remoteInfo = "04 - HttpClient";
		};
		C7C96AA72F7D41C600FB5725 /* PBXContainerItemProxy */ = {
			isa = PBXContainerItemProxy;
			containerPortal = C7F54BB82F701E6B00C02C6F /* Project object */;
			proxyType = 1;
			remoteGlobalIDString = C7C96A8F2F7D41C500FB5725;
			remoteInfo = "03 - Testable SwiftUI Views and ViewModels";
		};
		C7F54BCE2F701E6C00C02C6F /* PBXContainerItemProxy */ = {
			isa = PBXContainerItemProxy;
			containerPortal = C7F54BB82F701E6B00C02C6F /* Project object */;
			proxyType = 1;
			remoteGlobalIDString = C7F54BBF2F701E6B00C02C6F;
			remoteInfo = "Blog 01 - Localization";
		};
/* End PBXContainerItemProxy section */

/* Begin PBXFileReference section */
		C72F720C2F7E86DF0003E3B1 /* 03 - Testable SwiftUI Views and ViewModels UnitTests.xctest */ = {isa = PBXFileReference; explicitFileType = wrapper.cfbundle; includeInIndex = 0; path = "03 - Testable SwiftUI Views and ViewModels UnitTests.xctest"; sourceTree = BUILT_PRODUCTS_DIR; };
		C78ABC732F879B8900B7B600 /* 04 - HttpClient.app */ = {isa = PBXFileReference; explicitFileType = wrapper.application; includeInIndex = 0; path = "04 - HttpClient.app"; sourceTree = BUILT_PRODUCTS_DIR; };
		C78ABC7F2F879B8A00B7B600 /* 04 - HttpClientTests.xctest */ = {isa = PBXFileReference; explicitFileType = wrapper.cfbundle; includeInIndex = 0; path = "04 - HttpClientTests.xctest"; sourceTree = BUILT_PRODUCTS_DIR; };
		C7B863712F76A7F900B71A6B /* 02 - DynamicPublisher.app */ = {isa = PBXFileReference; explicitFileType = wrapper.application; includeInIndex = 0; path = "02 - DynamicPublisher.app"; sourceTree = BUILT_PRODUCTS_DIR; };
		C7C96A902F7D41C500FB5725 /* 03 - Testable SwiftUI Views and ViewModels.app */ = {isa = PBXFileReference; explicitFileType = wrapper.application; includeInIndex = 0; path = "03 - Testable SwiftUI Views and ViewModels.app"; sourceTree = BUILT_PRODUCTS_DIR; };
		C7C96AA62F7D41C600FB5725 /* 03 - Testable SwiftUI Views and ViewModelsUITests.xctest */ = {isa = PBXFileReference; explicitFileType = wrapper.cfbundle; includeInIndex = 0; path = "03 - Testable SwiftUI Views and ViewModelsUITests.xctest"; sourceTree = BUILT_PRODUCTS_DIR; };
		C7F54BC02F701E6B00C02C6F /* 01 - Localization.app */ = {isa = PBXFileReference; explicitFileType = wrapper.application; includeInIndex = 0; path = "01 - Localization.app"; sourceTree = BUILT_PRODUCTS_DIR; };
		C7F54BCD2F701E6C00C02C6F /* 01 - LocalizationTests.xctest */ = {isa = PBXFileReference; explicitFileType = wrapper.cfbundle; includeInIndex = 0; path = "01 - LocalizationTests.xctest"; sourceTree = BUILT_PRODUCTS_DIR; };
/* End PBXFileReference section */

/* Begin PBXFileSystemSynchronizedBuildFileExceptionSet section */
		C78ABCAA2F879B9500B7B600 /* Exceptions for "04 - HttpClient" folder in "01 - Localization" target */ = {
			isa = PBXFileSystemSynchronizedBuildFileExceptionSet;
			membershipExceptions = (
				"04 - HttpClient/AppEnvironment.swift",
				"04 - HttpClient/Assets.xcassets",
				"04 - HttpClient/HttpClientApp.swift",
				"04 - HttpClient/Initialization.swift",
				"04 - HttpClient/Lib/DemoApi/DemoAPIClient.swift",
				"04 - HttpClient/Lib/DemoApi/DemoTypes.swift",
				"04 - HttpClient/Lib/DemoApi/MockData/Albums.swift",
				"04 - HttpClient/Lib/DemoApi/MockData/DemoApiMockBaseHttpClient.swift",
				"04 - HttpClient/Lib/DemoApi/MockData/Posts.swift",
				"04 - HttpClient/Lib/DemoApi/MockData/ToDos.swift",
				"04 - HttpClient/Lib/HttpClient/HttpClient.swift",
				"04 - HttpClient/Lib/HttpClient/HttpClient.Types.swift",
				"04 - HttpClient/Lib/HttpClient/HttpClient.Utils.swift",
				"04 - HttpClient/Lib/HttpClient/HttpClientBase.swift",
				"04 - HttpClient/Views/DemoView/DemoView.swift",
				"04 - HttpClient/Views/DemoView/DemoView.Types.swift",
				"04 - HttpClient/Views/DemoView/DemoViewModel.swift",
				"04 - HttpClient/Views/DemoView/DemoViewModelMock.swift",
				"04 - HttpClientTests/_4___HttpClientTests.swift",
			);
			target = C7F54BBF2F701E6B00C02C6F /* 01 - Localization */;
		};
		C78ABCAB2F879B9500B7B600 /* Exceptions for "04 - HttpClient" folder in "04 - HttpClient" target */ = {
			isa = PBXFileSystemSynchronizedBuildFileExceptionSet;
			membershipExceptions = (
				"04 - HttpClient/AppEnvironment.swift",
				"04 - HttpClient/Assets.xcassets",
				"04 - HttpClient/HttpClientApp.swift",
				"04 - HttpClient/Initialization.swift",
				"04 - HttpClient/Lib/DemoApi/DemoAPIClient.swift",
				"04 - HttpClient/Lib/DemoApi/DemoTypes.swift",
				"04 - HttpClient/Lib/DemoApi/MockData/Albums.swift",
				"04 - HttpClient/Lib/DemoApi/MockData/DemoApiMockBaseHttpClient.swift",
				"04 - HttpClient/Lib/DemoApi/MockData/Posts.swift",
				"04 - HttpClient/Lib/DemoApi/MockData/ToDos.swift",
				"04 - HttpClient/Lib/Dev/PreviewConatiner.swift",
				"04 - HttpClient/Lib/HttpClient/HttpClient.swift",
				"04 - HttpClient/Lib/HttpClient/HttpClient.Types.swift",
				"04 - HttpClient/Lib/HttpClient/HttpClient.Utils.swift",
				"04 - HttpClient/Lib/HttpClient/HttpClientBase.swift",
				"04 - HttpClient/Lib/MockableURLProtocol/MockableURLProtocol.swift",
				"04 - HttpClient/Views/DemoView/DemoView.swift",
				"04 - HttpClient/Views/DemoView/DemoView.Types.swift",
				"04 - HttpClient/Views/DemoView/DemoViewModel.swift",
				"04 - HttpClient/Views/DemoView/DemoViewModelMock.swift",
			);
			target = C78ABC722F879B8900B7B600 /* 04 - HttpClient */;
		};
		C78ABCAC2F879B9500B7B600 /* Exceptions for "04 - HttpClient" folder in "04 - HttpClientTests" target */ = {
			isa = PBXFileSystemSynchronizedBuildFileExceptionSet;
			membershipExceptions = (
				"04 - HttpClientTests/_4___HttpClientTests.swift",
			);
			target = C78ABC7E2F879B8A00B7B600 /* 04 - HttpClientTests */;
		};
		C7B8646E2F7CFFB800B71A6B /* Exceptions for "01 - Localization" folder in "01 - Localization" target */ = {
			isa = PBXFileSystemSynchronizedBuildFileExceptionSet;
			membershipExceptions = (
				"01 - LocalizationTests/Blog_01___LocalizationTests.swift",
			);
			target = C7F54BBF2F701E6B00C02C6F /* 01 - Localization */;
		};
		C7B8646F2F7CFFB800B71A6B /* Exceptions for "01 - Localization" folder in "01 - LocalizationTests" target */ = {
			isa = PBXFileSystemSynchronizedBuildFileExceptionSet;
			membershipExceptions = (
				"01 - LocalizationTests/Blog_01___LocalizationTests.swift",
			);
			target = C7F54BCC2F701E6C00C02C6F /* 01 - LocalizationTests */;
		};
		C7B864792F7CFFF100B71A6B /* Exceptions for "Packages" folder in "01 - Localization" target */ = {
			isa = PBXFileSystemSynchronizedBuildFileExceptionSet;
			membershipExceptions = (
				A,
				B,
				DynamicPublisher,
				Localization,
			);
			target = C7F54BBF2F701E6B00C02C6F /* 01 - Localization */;
		};
/* End PBXFileSystemSynchronizedBuildFileExceptionSet section */

/* Begin PBXFileSystemSynchronizedRootGroup section */
		C72F720D2F7E86DF0003E3B1 /* 03 - Testable SwiftUI Views and ViewModels UnitTests */ = {
			isa = PBXFileSystemSynchronizedRootGroup;
			path = "03 - Testable SwiftUI Views and ViewModels UnitTests";
			sourceTree = "<group>";
		};
		C78ABC9A2F879B8F00B7B600 /* 04 - HttpClient */ = {
			isa = PBXFileSystemSynchronizedRootGroup;
			exceptions = (
				C78ABCAA2F879B9500B7B600 /* Exceptions for "04 - HttpClient" folder in "01 - Localization" target */,
				C78ABCAB2F879B9500B7B600 /* Exceptions for "04 - HttpClient" folder in "04 - HttpClient" target */,
				C78ABCAC2F879B9500B7B600 /* Exceptions for "04 - HttpClient" folder in "04 - HttpClientTests" target */,
			);
			path = "04 - HttpClient";
			sourceTree = "<group>";
		};
		C7B863722F76A7F900B71A6B /* 02 - DynamicPublisher */ = {
			isa = PBXFileSystemSynchronizedRootGroup;
			path = "02 - DynamicPublisher";
			sourceTree = "<group>";
		};
		C7B864552F7CFFA600B71A6B /* 01 - Localization */ = {
			isa = PBXFileSystemSynchronizedRootGroup;
			exceptions = (
				C7B8646E2F7CFFB800B71A6B /* Exceptions for "01 - Localization" folder in "01 - Localization" target */,
				C7B8646F2F7CFFB800B71A6B /* Exceptions for "01 - Localization" folder in "01 - LocalizationTests" target */,
			);
			path = "01 - Localization";
			sourceTree = "<group>";
		};
		C7B864782F7CFFF000B71A6B /* Packages */ = {
			isa = PBXFileSystemSynchronizedRootGroup;
			exceptions = (
				C7B864792F7CFFF100B71A6B /* Exceptions for "Packages" folder in "01 - Localization" target */,
			);
			path = Packages;
			sourceTree = "<group>";
		};
		C7C96A912F7D41C500FB5725 /* 03 - Testable SwiftUI Views and ViewModels */ = {
			isa = PBXFileSystemSynchronizedRootGroup;
			path = "03 - Testable SwiftUI Views and ViewModels";
			sourceTree = "<group>";
		};
		C7C96AA92F7D41C600FB5725 /* 03 - Testable SwiftUI Views and ViewModelsUITests */ = {
			isa = PBXFileSystemSynchronizedRootGroup;
			path = "03 - Testable SwiftUI Views and ViewModelsUITests";
			sourceTree = "<group>";
		};
/* End PBXFileSystemSynchronizedRootGroup section */

/* Begin PBXFrameworksBuildPhase section */
		C72F72092F7E86DF0003E3B1 /* Frameworks */ = {
			isa = PBXFrameworksBuildPhase;
			buildActionMask = 2147483647;
			files = (
			);
			runOnlyForDeploymentPostprocessing = 0;
		};
		C78ABC702F879B8900B7B600 /* Frameworks */ = {
			isa = PBXFrameworksBuildPhase;
			buildActionMask = 2147483647;
			files = (
			);
			runOnlyForDeploymentPostprocessing = 0;
		};
		C78ABC7C2F879B8A00B7B600 /* Frameworks */ = {
			isa = PBXFrameworksBuildPhase;
			buildActionMask = 2147483647;
			files = (
			);
			runOnlyForDeploymentPostprocessing = 0;
		};
		C7B8636E2F76A7F900B71A6B /* Frameworks */ = {
			isa = PBXFrameworksBuildPhase;
			buildActionMask = 2147483647;
			files = (
				C7039B062F7D025C00047CF7 /* DynamicPublisher in Frameworks */,
			);
			runOnlyForDeploymentPostprocessing = 0;
		};
		C7C96A8D2F7D41C500FB5725 /* Frameworks */ = {
			isa = PBXFrameworksBuildPhase;
			buildActionMask = 2147483647;
			files = (
				C7C96AB92F7D452C00FB5725 /* DynamicPublisher in Frameworks */,
			);
			runOnlyForDeploymentPostprocessing = 0;
		};
		C7C96AA32F7D41C600FB5725 /* Frameworks */ = {
			isa = PBXFrameworksBuildPhase;
			buildActionMask = 2147483647;
			files = (
			);
			runOnlyForDeploymentPostprocessing = 0;
		};
		C7F54BBD2F701E6B00C02C6F /* Frameworks */ = {
			isa = PBXFrameworksBuildPhase;
			buildActionMask = 2147483647;
			files = (
				C731A4712F702A7C00B93DAB /* A in Frameworks */,
				C731A4732F702A7F00B93DAB /* B in Frameworks */,
			);
			runOnlyForDeploymentPostprocessing = 0;
		};
		C7F54BCA2F701E6C00C02C6F /* Frameworks */ = {
			isa = PBXFrameworksBuildPhase;
			buildActionMask = 2147483647;
			files = (
			);
			runOnlyForDeploymentPostprocessing = 0;
		};
/* End PBXFrameworksBuildPhase section */

/* Begin PBXGroup section */
		C731A46F2F702A7C00B93DAB /* Frameworks */ = {
			isa = PBXGroup;
			children = (
			);
			name = Frameworks;
			sourceTree = "<group>";
		};
		C7C96AB72F7D41CC00FB5725 /* 03 - Testable SwiftUI Views and ViewModels */ = {
			isa = PBXGroup;
			children = (
				C7C96A912F7D41C500FB5725 /* 03 - Testable SwiftUI Views and ViewModels */,
				C72F720D2F7E86DF0003E3B1 /* 03 - Testable SwiftUI Views and ViewModels UnitTests */,
				C7C96AA92F7D41C600FB5725 /* 03 - Testable SwiftUI Views and ViewModelsUITests */,
			);
			path = "03 - Testable SwiftUI Views and ViewModels";
			sourceTree = "<group>";
		};
		C7F54BB72F701E6B00C02C6F = {
			isa = PBXGroup;
			children = (
				C7B864552F7CFFA600B71A6B /* 01 - Localization */,
				C7B863722F76A7F900B71A6B /* 02 - DynamicPublisher */,
				C7C96AB72F7D41CC00FB5725 /* 03 - Testable SwiftUI Views and ViewModels */,
				C78ABC9A2F879B8F00B7B600 /* 04 - HttpClient */,
				C731A46F2F702A7C00B93DAB /* Frameworks */,
				C7F54BC12F701E6B00C02C6F /* Products */,
				C7B864782F7CFFF000B71A6B /* Packages */,
			);
			sourceTree = "<group>";
		};
		C7F54BC12F701E6B00C02C6F /* Products */ = {
			isa = PBXGroup;
			children = (
				C7F54BC02F701E6B00C02C6F /* 01 - Localization.app */,
				C7F54BCD2F701E6C00C02C6F /* 01 - LocalizationTests.xctest */,
				C7B863712F76A7F900B71A6B /* 02 - DynamicPublisher.app */,
				C7C96A902F7D41C500FB5725 /* 03 - Testable SwiftUI Views and ViewModels.app */,
				C7C96AA62F7D41C600FB5725 /* 03 - Testable SwiftUI Views and ViewModelsUITests.xctest */,
				C72F720C2F7E86DF0003E3B1 /* 03 - Testable SwiftUI Views and ViewModels UnitTests.xctest */,
				C78ABC732F879B8900B7B600 /* 04 - HttpClient.app */,
				C78ABC7F2F879B8A00B7B600 /* 04 - HttpClientTests.xctest */,
			);
			name = Products;
			sourceTree = "<group>";
		};
/* End PBXGroup section */

/* Begin PBXNativeTarget section */
		C72F720B2F7E86DF0003E3B1 /* 03 - Testable SwiftUI Views and ViewModels UnitTests */ = {
			isa = PBXNativeTarget;
			buildConfigurationList = C72F72122F7E86DF0003E3B1 /* Build configuration list for PBXNativeTarget "03 - Testable SwiftUI Views and ViewModels UnitTests" */;
			buildPhases = (
				C72F72082F7E86DF0003E3B1 /* Sources */,
				C72F72092F7E86DF0003E3B1 /* Frameworks */,
				C72F720A2F7E86DF0003E3B1 /* Resources */,
			);
			buildRules = (
			);
			dependencies = (
				C72F72112F7E86DF0003E3B1 /* PBXTargetDependency */,
			);
			fileSystemSynchronizedGroups = (
				C72F720D2F7E86DF0003E3B1 /* 03 - Testable SwiftUI Views and ViewModels UnitTests */,
			);
			name = "03 - Testable SwiftUI Views and ViewModels UnitTests";
			packageProductDependencies = (
			);
			productName = "03 - Testable SwiftUI Views and ViewModels UnitTests";
			productReference = C72F720C2F7E86DF0003E3B1 /* 03 - Testable SwiftUI Views and ViewModels UnitTests.xctest */;
			productType = "com.apple.product-type.bundle.unit-test";
		};
		C78ABC722F879B8900B7B600 /* 04 - HttpClient */ = {
			isa = PBXNativeTarget;
			buildConfigurationList = C78ABC972F879B8A00B7B600 /* Build configuration list for PBXNativeTarget "04 - HttpClient" */;
			buildPhases = (
				C78ABC6F2F879B8900B7B600 /* Sources */,
				C78ABC702F879B8900B7B600 /* Frameworks */,
				C78ABC712F879B8900B7B600 /* Resources */,
			);
			buildRules = (
			);
			dependencies = (
			);
			name = "04 - HttpClient";
			packageProductDependencies = (
			);
			productName = "04 - HttpClient";
			productReference = C78ABC732F879B8900B7B600 /* 04 - HttpClient.app */;
			productType = "com.apple.product-type.application";
		};
		C78ABC7E2F879B8A00B7B600 /* 04 - HttpClientTests */ = {
			isa = PBXNativeTarget;
			buildConfigurationList = C78ABC982F879B8A00B7B600 /* Build configuration list for PBXNativeTarget "04 - HttpClientTests" */;
			buildPhases = (
				C78ABC7B2F879B8A00B7B600 /* Sources */,
				C78ABC7C2F879B8A00B7B600 /* Frameworks */,
				C78ABC7D2F879B8A00B7B600 /* Resources */,
			);
			buildRules = (
			);
			dependencies = (
				C78ABC812F879B8A00B7B600 /* PBXTargetDependency */,
			);
			name = "04 - HttpClientTests";
			packageProductDependencies = (
			);
			productName = "04 - HttpClientTests";
			productReference = C78ABC7F2F879B8A00B7B600 /* 04 - HttpClientTests.xctest */;
			productType = "com.apple.product-type.bundle.unit-test";
		};
		C7B863702F76A7F900B71A6B /* 02 - DynamicPublisher */ = {
			isa = PBXNativeTarget;
			buildConfigurationList = C7B8637B2F76A7FB00B71A6B /* Build configuration list for PBXNativeTarget "02 - DynamicPublisher" */;
			buildPhases = (
				C7B8636D2F76A7F900B71A6B /* Sources */,
				C7B8636E2F76A7F900B71A6B /* Frameworks */,
				C7B8636F2F76A7F900B71A6B /* Resources */,
			);
			buildRules = (
			);
			dependencies = (
			);
			fileSystemSynchronizedGroups = (
				C7B863722F76A7F900B71A6B /* 02 - DynamicPublisher */,
			);
			name = "02 - DynamicPublisher";
			packageProductDependencies = (
				C7039B052F7D025C00047CF7 /* DynamicPublisher */,
			);
			productName = "02 - DynamicPublisher";
			productReference = C7B863712F76A7F900B71A6B /* 02 - DynamicPublisher.app */;
			productType = "com.apple.product-type.application";
		};
		C7C96A8F2F7D41C500FB5725 /* 03 - Testable SwiftUI Views and ViewModels */ = {
			isa = PBXNativeTarget;
			buildConfigurationList = C7C96AB42F7D41C600FB5725 /* Build configuration list for PBXNativeTarget "03 - Testable SwiftUI Views and ViewModels" */;
			buildPhases = (
				C7C96A8C2F7D41C500FB5725 /* Sources */,
				C7C96A8D2F7D41C500FB5725 /* Frameworks */,
				C7C96A8E2F7D41C500FB5725 /* Resources */,
			);
			buildRules = (
			);
			dependencies = (
			);
			fileSystemSynchronizedGroups = (
				C7C96A912F7D41C500FB5725 /* 03 - Testable SwiftUI Views and ViewModels */,
			);
			name = "03 - Testable SwiftUI Views and ViewModels";
			packageProductDependencies = (
				C7C96AB82F7D452C00FB5725 /* DynamicPublisher */,
			);
			productName = "03 - Testable SwiftUI Views and ViewModels";
			productReference = C7C96A902F7D41C500FB5725 /* 03 - Testable SwiftUI Views and ViewModels.app */;
			productType = "com.apple.product-type.application";
		};
		C7C96AA52F7D41C600FB5725 /* 03 - Testable SwiftUI Views and ViewModelsUITests */ = {
			isa = PBXNativeTarget;
			buildConfigurationList = C7C96AB62F7D41C600FB5725 /* Build configuration list for PBXNativeTarget "03 - Testable SwiftUI Views and ViewModelsUITests" */;
			buildPhases = (
				C7C96AA22F7D41C600FB5725 /* Sources */,
				C7C96AA32F7D41C600FB5725 /* Frameworks */,
				C7C96AA42F7D41C600FB5725 /* Resources */,
			);
			buildRules = (
			);
			dependencies = (
				C7C96AA82F7D41C600FB5725 /* PBXTargetDependency */,
			);
			fileSystemSynchronizedGroups = (
				C7C96AA92F7D41C600FB5725 /* 03 - Testable SwiftUI Views and ViewModelsUITests */,
			);
			name = "03 - Testable SwiftUI Views and ViewModelsUITests";
			packageProductDependencies = (
			);
			productName = "03 - Testable SwiftUI Views and ViewModelsUITests";
			productReference = C7C96AA62F7D41C600FB5725 /* 03 - Testable SwiftUI Views and ViewModelsUITests.xctest */;
			productType = "com.apple.product-type.bundle.ui-testing";
		};
		C7F54BBF2F701E6B00C02C6F /* 01 - Localization */ = {
			isa = PBXNativeTarget;
			buildConfigurationList = C7F54BE12F701E6D00C02C6F /* Build configuration list for PBXNativeTarget "01 - Localization" */;
			buildPhases = (
				C7F54BBC2F701E6B00C02C6F /* Sources */,
				C7F54BBD2F701E6B00C02C6F /* Frameworks */,
				C7F54BBE2F701E6B00C02C6F /* Resources */,
			);
			buildRules = (
			);
			dependencies = (
			);
			fileSystemSynchronizedGroups = (
				C78ABC9A2F879B8F00B7B600 /* 04 - HttpClient */,
				C7B864552F7CFFA600B71A6B /* 01 - Localization */,
				C7B864782F7CFFF000B71A6B /* Packages */,
			);
			name = "01 - Localization";
			packageProductDependencies = (
				C731A4702F702A7C00B93DAB /* A */,
				C731A4722F702A7F00B93DAB /* B */,
			);
			productName = "Blog 01 - Localization";
			productReference = C7F54BC02F701E6B00C02C6F /* 01 - Localization.app */;
			productType = "com.apple.product-type.application";
		};
		C7F54BCC2F701E6C00C02C6F /* 01 - LocalizationTests */ = {
			isa = PBXNativeTarget;
			buildConfigurationList = C7F54BE42F701E6D00C02C6F /* Build configuration list for PBXNativeTarget "01 - LocalizationTests" */;
			buildPhases = (
				C7F54BC92F701E6C00C02C6F /* Sources */,
				C7F54BCA2F701E6C00C02C6F /* Frameworks */,
				C7F54BCB2F701E6C00C02C6F /* Resources */,
			);
			buildRules = (
			);
			dependencies = (
				C7F54BCF2F701E6C00C02C6F /* PBXTargetDependency */,
			);
			name = "01 - LocalizationTests";
			packageProductDependencies = (
			);
			productName = "Blog 01 - LocalizationTests";
			productReference = C7F54BCD2F701E6C00C02C6F /* 01 - LocalizationTests.xctest */;
			productType = "com.apple.product-type.bundle.unit-test";
		};
/* End PBXNativeTarget section */

/* Begin PBXProject section */
		C7F54BB82F701E6B00C02C6F /* Project object */ = {
			isa = PBXProject;
			attributes = {
				BuildIndependentTargetsInParallel = 1;
				LastSwiftUpdateCheck = 2640;
				LastUpgradeCheck = 2640;
				TargetAttributes = {
					C72F720B2F7E86DF0003E3B1 = {
						CreatedOnToolsVersion = 26.4;
						TestTargetID = C7C96A8F2F7D41C500FB5725;
					};
					C78ABC722F879B8900B7B600 = {
						CreatedOnToolsVersion = 26.4;
					};
					C78ABC7E2F879B8A00B7B600 = {
						CreatedOnToolsVersion = 26.4;
						TestTargetID = C78ABC722F879B8900B7B600;
					};
					C7B863702F76A7F900B71A6B = {
						CreatedOnToolsVersion = 26.4;
					};
					C7C96A8F2F7D41C500FB5725 = {
						CreatedOnToolsVersion = 26.4;
					};
					C7C96AA52F7D41C600FB5725 = {
						CreatedOnToolsVersion = 26.4;
						TestTargetID = C7C96A8F2F7D41C500FB5725;
					};
					C7F54BBF2F701E6B00C02C6F = {
						CreatedOnToolsVersion = 26.3;
					};
					C7F54BCC2F701E6C00C02C6F = {
						CreatedOnToolsVersion = 26.3;
						TestTargetID = C7F54BBF2F701E6B00C02C6F;
					};
				};
			};
			buildConfigurationList = C7F54BBB2F701E6B00C02C6F /* Build configuration list for PBXProject "SwiftDeveloperBlog" */;
			developmentRegion = en;
			hasScannedForEncodings = 0;
			knownRegions = (
				en,
				Base,
				pl,
				be,
				uk,
			);
			mainGroup = C7F54BB72F701E6B00C02C6F;
			minimizedProjectReferenceProxies = 1;
			preferredProjectObjectVersion = 77;
			productRefGroup = C7F54BC12F701E6B00C02C6F /* Products */;
			projectDirPath = "";
			projectRoot = "";
			targets = (
				C7F54BBF2F701E6B00C02C6F /* 01 - Localization */,
				C7F54BCC2F701E6C00C02C6F /* 01 - LocalizationTests */,
				C7B863702F76A7F900B71A6B /* 02 - DynamicPublisher */,
				C7C96A8F2F7D41C500FB5725 /* 03 - Testable SwiftUI Views and ViewModels */,
				C7C96AA52F7D41C600FB5725 /* 03 - Testable SwiftUI Views and ViewModelsUITests */,
				C72F720B2F7E86DF0003E3B1 /* 03 - Testable SwiftUI Views and ViewModels UnitTests */,
				C78ABC722F879B8900B7B600 /* 04 - HttpClient */,
				C78ABC7E2F879B8A00B7B600 /* 04 - HttpClientTests */,
			);
		};
/* End PBXProject section */

/* Begin PBXResourcesBuildPhase section */
		C72F720A2F7E86DF0003E3B1 /* Resources */ = {
			isa = PBXResourcesBuildPhase;
			buildActionMask = 2147483647;
			files = (
			);
			runOnlyForDeploymentPostprocessing = 0;
		};
		C78ABC712F879B8900B7B600 /* Resources */ = {
			isa = PBXResourcesBuildPhase;
			buildActionMask = 2147483647;
			files = (
			);
			runOnlyForDeploymentPostprocessing = 0;
		};
		C78ABC7D2F879B8A00B7B600 /* Resources */ = {
			isa = PBXResourcesBuildPhase;
			buildActionMask = 2147483647;
			files = (
			);
			runOnlyForDeploymentPostprocessing = 0;
		};
		C7B8636F2F76A7F900B71A6B /* Resources */ = {
			isa = PBXResourcesBuildPhase;
			buildActionMask = 2147483647;
			files = (
			);
			runOnlyForDeploymentPostprocessing = 0;
		};
		C7C96A8E2F7D41C500FB5725 /* Resources */ = {
			isa = PBXResourcesBuildPhase;
			buildActionMask = 2147483647;
			files = (
			);
			runOnlyForDeploymentPostprocessing = 0;
		};
		C7C96AA42F7D41C600FB5725 /* Resources */ = {
			isa = PBXResourcesBuildPhase;
			buildActionMask = 2147483647;
			files = (
			);
			runOnlyForDeploymentPostprocessing = 0;
		};
		C7F54BBE2F701E6B00C02C6F /* Resources */ = {
			isa = PBXResourcesBuildPhase;
			buildActionMask = 2147483647;
			files = (
			);
			runOnlyForDeploymentPostprocessing = 0;
		};
		C7F54BCB2F701E6C00C02C6F /* Resources */ = {
			isa = PBXResourcesBuildPhase;
			buildActionMask = 2147483647;
			files = (
			);
			runOnlyForDeploymentPostprocessing = 0;
		};
/* End PBXResourcesBuildPhase section */

/* Begin PBXSourcesBuildPhase section */
		C72F72082F7E86DF0003E3B1 /* Sources */ = {
			isa = PBXSourcesBuildPhase;
			buildActionMask = 2147483647;
			files = (
			);
			runOnlyForDeploymentPostprocessing = 0;
		};
		C78ABC6F2F879B8900B7B600 /* Sources */ = {
			isa = PBXSourcesBuildPhase;
			buildActionMask = 2147483647;
			files = (
			);
			runOnlyForDeploymentPostprocessing = 0;
		};
		C78ABC7B2F879B8A00B7B600 /* Sources */ = {
			isa = PBXSourcesBuildPhase;
			buildActionMask = 2147483647;
			files = (
			);
			runOnlyForDeploymentPostprocessing = 0;
		};
		C7B8636D2F76A7F900B71A6B /* Sources */ = {
			isa = PBXSourcesBuildPhase;
			buildActionMask = 2147483647;
			files = (
			);
			runOnlyForDeploymentPostprocessing = 0;
		};
		C7C96A8C2F7D41C500FB5725 /* Sources */ = {
			isa = PBXSourcesBuildPhase;
			buildActionMask = 2147483647;
			files = (
			);
			runOnlyForDeploymentPostprocessing = 0;
		};
		C7C96AA22F7D41C600FB5725 /* Sources */ = {
			isa = PBXSourcesBuildPhase;
			buildActionMask = 2147483647;
			files = (
			);
			runOnlyForDeploymentPostprocessing = 0;
		};
		C7F54BBC2F701E6B00C02C6F /* Sources */ = {
			isa = PBXSourcesBuildPhase;
			buildActionMask = 2147483647;
			files = (
			);
			runOnlyForDeploymentPostprocessing = 0;
		};
		C7F54BC92F701E6C00C02C6F /* Sources */ = {
			isa = PBXSourcesBuildPhase;
			buildActionMask = 2147483647;
			files = (
			);
			runOnlyForDeploymentPostprocessing = 0;
		};
/* End PBXSourcesBuildPhase section */

/* Begin PBXTargetDependency section */
		C72F72112F7E86DF0003E3B1 /* PBXTargetDependency */ = {
			isa = PBXTargetDependency;
			target = C7C96A8F2F7D41C500FB5725 /* 03 - Testable SwiftUI Views and ViewModels */;
			targetProxy = C72F72102F7E86DF0003E3B1 /* PBXContainerItemProxy */;
		};
		C78ABC812F879B8A00B7B600 /* PBXTargetDependency */ = {
			isa = PBXTargetDependency;
			target = C78ABC722F879B8900B7B600 /* 04 - HttpClient */;
			targetProxy = C78ABC802F879B8A00B7B600 /* PBXContainerItemProxy */;
		};
		C7C96AA82F7D41C600FB5725 /* PBXTargetDependency */ = {
			isa = PBXTargetDependency;
			target = C7C96A8F2F7D41C500FB5725 /* 03 - Testable SwiftUI Views and ViewModels */;
			targetProxy = C7C96AA72F7D41C600FB5725 /* PBXContainerItemProxy */;
		};
		C7F54BCF2F701E6C00C02C6F /* PBXTargetDependency */ = {
			isa = PBXTargetDependency;
			target = C7F54BBF2F701E6B00C02C6F /* 01 - Localization */;
			targetProxy = C7F54BCE2F701E6C00C02C6F /* PBXContainerItemProxy */;
		};
/* End PBXTargetDependency section */

/* Begin XCBuildConfiguration section */
		C72F72132F7E86DF0003E3B1 /* Debug */ = {
			isa = XCBuildConfiguration;
			buildSettings = {
				BUNDLE_LOADER = "$(TEST_HOST)";
				CODE_SIGN_STYLE = Automatic;
				CURRENT_PROJECT_VERSION = 1;
				DEVELOPMENT_TEAM = 74XK48A2YW;
				GENERATE_INFOPLIST_FILE = YES;
				IPHONEOS_DEPLOYMENT_TARGET = 26.4;
				MACOSX_DEPLOYMENT_TARGET = 26.4;
				MARKETING_VERSION = 1.0;
				PRODUCT_BUNDLE_IDENTIFIER = "com.amaxsoftware.-3---Testable-SwiftUI-Views-and-ViewModels-UnitTests";
				PRODUCT_NAME = "$(TARGET_NAME)";
				SDKROOT = auto;
				STRING_CATALOG_GENERATE_SYMBOLS = NO;
				SUPPORTED_PLATFORMS = "iphoneos iphonesimulator macosx xros xrsimulator";
				SWIFT_APPROACHABLE_CONCURRENCY = YES;
				SWIFT_EMIT_LOC_STRINGS = NO;
				SWIFT_UPCOMING_FEATURE_MEMBER_IMPORT_VISIBILITY = YES;
				SWIFT_VERSION = 5.0;
				TARGETED_DEVICE_FAMILY = "1,2,7";
				TEST_HOST = "$(BUILT_PRODUCTS_DIR)/03 - Testable SwiftUI Views and ViewModels.app/$(BUNDLE_EXECUTABLE_FOLDER_PATH)/03 - Testable SwiftUI Views and ViewModels";
				XROS_DEPLOYMENT_TARGET = 26.4;
			};
			name = Debug;
		};
		C72F72142F7E86DF0003E3B1 /* Release */ = {
			isa = XCBuildConfiguration;
			buildSettings = {
				BUNDLE_LOADER = "$(TEST_HOST)";
				CODE_SIGN_STYLE = Automatic;
				CURRENT_PROJECT_VERSION = 1;
				DEVELOPMENT_TEAM = 74XK48A2YW;
				GENERATE_INFOPLIST_FILE = YES;
				IPHONEOS_DEPLOYMENT_TARGET = 26.4;
				MACOSX_DEPLOYMENT_TARGET = 26.4;
				MARKETING_VERSION = 1.0;
				PRODUCT_BUNDLE_IDENTIFIER = "com.amaxsoftware.-3---Testable-SwiftUI-Views-and-ViewModels-UnitTests";
				PRODUCT_NAME = "$(TARGET_NAME)";
				SDKROOT = auto;
				STRING_CATALOG_GENERATE_SYMBOLS = NO;
				SUPPORTED_PLATFORMS = "iphoneos iphonesimulator macosx xros xrsimulator";
				SWIFT_APPROACHABLE_CONCURRENCY = YES;
				SWIFT_EMIT_LOC_STRINGS = NO;
				SWIFT_UPCOMING_FEATURE_MEMBER_IMPORT_VISIBILITY = YES;
				SWIFT_VERSION = 5.0;
				TARGETED_DEVICE_FAMILY = "1,2,7";
				TEST_HOST = "$(BUILT_PRODUCTS_DIR)/03 - Testable SwiftUI Views and ViewModels.app/$(BUNDLE_EXECUTABLE_FOLDER_PATH)/03 - Testable SwiftUI Views and ViewModels";
				XROS_DEPLOYMENT_TARGET = 26.4;
			};
			name = Release;
		};
		C78ABC912F879B8A00B7B600 /* Debug */ = {
			isa = XCBuildConfiguration;
			buildSettings = {
				ASSETCATALOG_COMPILER_APPICON_NAME = AppIcon;
				ASSETCATALOG_COMPILER_GLOBAL_ACCENT_COLOR_NAME = AccentColor;
				CODE_SIGN_STYLE = Automatic;
				CURRENT_PROJECT_VERSION = 1;
				DEVELOPMENT_TEAM = 74XK48A2YW;
				ENABLE_PREVIEWS = YES;
				GENERATE_INFOPLIST_FILE = YES;
				INFOPLIST_KEY_UIApplicationSceneManifest_Generation = YES;
				INFOPLIST_KEY_UIApplicationSupportsIndirectInputEvents = YES;
				INFOPLIST_KEY_UILaunchScreen_Generation = YES;
				INFOPLIST_KEY_UISupportedInterfaceOrientations_iPad = "UIInterfaceOrientationPortrait UIInterfaceOrientationPortraitUpsideDown UIInterfaceOrientationLandscapeLeft UIInterfaceOrientationLandscapeRight";
				INFOPLIST_KEY_UISupportedInterfaceOrientations_iPhone = "UIInterfaceOrientationPortrait UIInterfaceOrientationLandscapeLeft UIInterfaceOrientationLandscapeRight";
				IPHONEOS_DEPLOYMENT_TARGET = 26.4;
				LD_RUNPATH_SEARCH_PATHS = (
					"$(inherited)",
					"@executable_path/Frameworks",
				);
				MARKETING_VERSION = 1.0;
				PRODUCT_BUNDLE_IDENTIFIER = "com.amaxsoftware.-4---HttpClient";
				PRODUCT_NAME = "$(TARGET_NAME)";
				SDKROOT = iphoneos;
				STRING_CATALOG_GENERATE_SYMBOLS = YES;
				SWIFT_APPROACHABLE_CONCURRENCY = YES;
				SWIFT_DEFAULT_ACTOR_ISOLATION = MainActor;
				SWIFT_EMIT_LOC_STRINGS = YES;
				SWIFT_UPCOMING_FEATURE_MEMBER_IMPORT_VISIBILITY = YES;
				SWIFT_VERSION = 6.0;
				TARGETED_DEVICE_FAMILY = "1,2";
			};
			name = Debug;
		};
		C78ABC922F879B8A00B7B600 /* Release */ = {
			isa = XCBuildConfiguration;
			buildSettings = {
				ASSETCATALOG_COMPILER_APPICON_NAME = AppIcon;
				ASSETCATALOG_COMPILER_GLOBAL_ACCENT_COLOR_NAME = AccentColor;
				CODE_SIGN_STYLE = Automatic;
				CURRENT_PROJECT_VERSION = 1;
				DEVELOPMENT_TEAM = 74XK48A2YW;
				ENABLE_PREVIEWS = YES;
				GENERATE_INFOPLIST_FILE = YES;
				INFOPLIST_KEY_UIApplicationSceneManifest_Generation = YES;
				INFOPLIST_KEY_UIApplicationSupportsIndirectInputEvents = YES;
				INFOPLIST_KEY_UILaunchScreen_Generation = YES;
				INFOPLIST_KEY_UISupportedInterfaceOrientations_iPad = "UIInterfaceOrientationPortrait UIInterfaceOrientationPortraitUpsideDown UIInterfaceOrientationLandscapeLeft UIInterfaceOrientationLandscapeRight";
				INFOPLIST_KEY_UISupportedInterfaceOrientations_iPhone = "UIInterfaceOrientationPortrait UIInterfaceOrientationLandscapeLeft UIInterfaceOrientationLandscapeRight";
				IPHONEOS_DEPLOYMENT_TARGET = 26.4;
				LD_RUNPATH_SEARCH_PATHS = (
					"$(inherited)",
					"@executable_path/Frameworks",
				);
				MARKETING_VERSION = 1.0;
				PRODUCT_BUNDLE_IDENTIFIER = "com.amaxsoftware.-4---HttpClient";
				PRODUCT_NAME = "$(TARGET_NAME)";
				SDKROOT = iphoneos;
				STRING_CATALOG_GENERATE_SYMBOLS = YES;
				SWIFT_APPROACHABLE_CONCURRENCY = YES;
				SWIFT_DEFAULT_ACTOR_ISOLATION = MainActor;
				SWIFT_EMIT_LOC_STRINGS = YES;
				SWIFT_UPCOMING_FEATURE_MEMBER_IMPORT_VISIBILITY = YES;
				SWIFT_VERSION = 6.0;
				TARGETED_DEVICE_FAMILY = "1,2";
				VALIDATE_PRODUCT = YES;
			};
			name = Release;
		};
		C78ABC932F879B8A00B7B600 /* Debug */ = {
			isa = XCBuildConfiguration;
			buildSettings = {
				BUNDLE_LOADER = "$(TEST_HOST)";
				CODE_SIGN_STYLE = Automatic;
				CURRENT_PROJECT_VERSION = 1;
				DEVELOPMENT_TEAM = 74XK48A2YW;
				GENERATE_INFOPLIST_FILE = YES;
				IPHONEOS_DEPLOYMENT_TARGET = 26.4;
				MARKETING_VERSION = 1.0;
				PRODUCT_BUNDLE_IDENTIFIER = "com.amaxsoftware.-4---HttpClientTests";
				PRODUCT_NAME = "$(TARGET_NAME)";
				SDKROOT = iphoneos;
				STRING_CATALOG_GENERATE_SYMBOLS = NO;
				SWIFT_APPROACHABLE_CONCURRENCY = YES;
				SWIFT_EMIT_LOC_STRINGS = NO;
				SWIFT_UPCOMING_FEATURE_MEMBER_IMPORT_VISIBILITY = YES;
				SWIFT_VERSION = 5.0;
				TARGETED_DEVICE_FAMILY = "1,2";
				TEST_HOST = "$(BUILT_PRODUCTS_DIR)/04 - HttpClient.app/$(BUNDLE_EXECUTABLE_FOLDER_PATH)/04 - HttpClient";
			};
			name = Debug;
		};
		C78ABC942F879B8A00B7B600 /* Release */ = {
			isa = XCBuildConfiguration;
			buildSettings = {
				BUNDLE_LOADER = "$(TEST_HOST)";
				CODE_SIGN_STYLE = Automatic;
				CURRENT_PROJECT_VERSION = 1;
				DEVELOPMENT_TEAM = 74XK48A2YW;
				GENERATE_INFOPLIST_FILE = YES;
				IPHONEOS_DEPLOYMENT_TARGET = 26.4;
				MARKETING_VERSION = 1.0;
				PRODUCT_BUNDLE_IDENTIFIER = "com.amaxsoftware.-4---HttpClientTests";
				PRODUCT_NAME = "$(TARGET_NAME)";
				SDKROOT = iphoneos;
				STRING_CATALOG_GENERATE_SYMBOLS = NO;
				SWIFT_APPROACHABLE_CONCURRENCY = YES;
				SWIFT_EMIT_LOC_STRINGS = NO;
				SWIFT_UPCOMING_FEATURE_MEMBER_IMPORT_VISIBILITY = YES;
				SWIFT_VERSION = 5.0;
				TARGETED_DEVICE_FAMILY = "1,2";
				TEST_HOST = "$(BUILT_PRODUCTS_DIR)/04 - HttpClient.app/$(BUNDLE_EXECUTABLE_FOLDER_PATH)/04 - HttpClient";
				VALIDATE_PRODUCT = YES;
			};
			name = Release;
		};
		C7B863792F76A7FB00B71A6B /* Debug */ = {
			isa = XCBuildConfiguration;
			buildSettings = {
				ASSETCATALOG_COMPILER_APPICON_NAME = AppIcon;
				ASSETCATALOG_COMPILER_GLOBAL_ACCENT_COLOR_NAME = AccentColor;
				CODE_SIGN_STYLE = Automatic;
				COMBINE_HIDPI_IMAGES = YES;
				CURRENT_PROJECT_VERSION = 1;
				DEAD_CODE_STRIPPING = YES;
				DEVELOPMENT_TEAM = 74XK48A2YW;
				ENABLE_APP_SANDBOX = YES;
				ENABLE_HARDENED_RUNTIME = YES;
				ENABLE_PREVIEWS = YES;
				ENABLE_USER_SELECTED_FILES = readonly;
				GENERATE_INFOPLIST_FILE = YES;
				INFOPLIST_KEY_NSHumanReadableCopyright = "";
				INFOPLIST_KEY_NSLocationWhenInUseUsageDescription = "TODO: Info Location When In Use Description";
				LD_RUNPATH_SEARCH_PATHS = (
					"$(inherited)",
					"@executable_path/../Frameworks",
				);
				MACOSX_DEPLOYMENT_TARGET = 26.4;
				MARKETING_VERSION = 1.0;
				PRODUCT_BUNDLE_IDENTIFIER = com.amaxsoftware.blog.DynamicPublisher;
				PRODUCT_NAME = "$(TARGET_NAME)";
				REGISTER_APP_GROUPS = YES;
				STRING_CATALOG_GENERATE_SYMBOLS = YES;
				SUPPORTED_PLATFORMS = "iphoneos iphonesimulator";
				SUPPORTS_MACCATALYST = NO;
				SUPPORTS_MAC_DESIGNED_FOR_IPHONE_IPAD = YES;
				SWIFT_APPROACHABLE_CONCURRENCY = YES;
				SWIFT_DEFAULT_ACTOR_ISOLATION = MainActor;
				SWIFT_EMIT_LOC_STRINGS = YES;
				SWIFT_UPCOMING_FEATURE_MEMBER_IMPORT_VISIBILITY = YES;
				SWIFT_VERSION = 6.0;
				TARGETED_DEVICE_FAMILY = 1;
			};
			name = Debug;
		};
		C7B8637A2F76A7FB00B71A6B /* Release */ = {
			isa = XCBuildConfiguration;
			buildSettings = {
				ASSETCATALOG_COMPILER_APPICON_NAME = AppIcon;
				ASSETCATALOG_COMPILER_GLOBAL_ACCENT_COLOR_NAME = AccentColor;
				CODE_SIGN_STYLE = Automatic;
				COMBINE_HIDPI_IMAGES = YES;
				CURRENT_PROJECT_VERSION = 1;
				DEAD_CODE_STRIPPING = YES;
				DEVELOPMENT_TEAM = 74XK48A2YW;
				ENABLE_APP_SANDBOX = YES;
				ENABLE_HARDENED_RUNTIME = YES;
				ENABLE_PREVIEWS = YES;
				ENABLE_USER_SELECTED_FILES = readonly;
				GENERATE_INFOPLIST_FILE = YES;
				INFOPLIST_KEY_NSHumanReadableCopyright = "";
				INFOPLIST_KEY_NSLocationWhenInUseUsageDescription = "TODO: Info Location When In Use Description";
				LD_RUNPATH_SEARCH_PATHS = (
					"$(inherited)",
					"@executable_path/../Frameworks",
				);
				MACOSX_DEPLOYMENT_TARGET = 26.4;
				MARKETING_VERSION = 1.0;
				PRODUCT_BUNDLE_IDENTIFIER = com.amaxsoftware.blog.DynamicPublisher;
				PRODUCT_NAME = "$(TARGET_NAME)";
				REGISTER_APP_GROUPS = YES;
				STRING_CATALOG_GENERATE_SYMBOLS = YES;
				SUPPORTED_PLATFORMS = "iphoneos iphonesimulator";
				SUPPORTS_MACCATALYST = NO;
				SUPPORTS_MAC_DESIGNED_FOR_IPHONE_IPAD = YES;
				SWIFT_APPROACHABLE_CONCURRENCY = YES;
				SWIFT_DEFAULT_ACTOR_ISOLATION = MainActor;
				SWIFT_EMIT_LOC_STRINGS = YES;
				SWIFT_UPCOMING_FEATURE_MEMBER_IMPORT_VISIBILITY = YES;
				SWIFT_VERSION = 6.0;
				TARGETED_DEVICE_FAMILY = 1;
			};
			name = Release;
		};
		C7C96AAE2F7D41C600FB5725 /* Debug */ = {
			isa = XCBuildConfiguration;
			buildSettings = {
				ASSETCATALOG_COMPILER_APPICON_NAME = AppIcon;
				ASSETCATALOG_COMPILER_GLOBAL_ACCENT_COLOR_NAME = AccentColor;
				CODE_SIGN_STYLE = Automatic;
				CURRENT_PROJECT_VERSION = 1;
				DEVELOPMENT_TEAM = 74XK48A2YW;
				ENABLE_PREVIEWS = YES;
				GENERATE_INFOPLIST_FILE = YES;
				INFOPLIST_KEY_CFBundleDisplayName = "Testable Views and ViewModels";
				INFOPLIST_KEY_UIApplicationSceneManifest_Generation = YES;
				INFOPLIST_KEY_UIApplicationSupportsIndirectInputEvents = YES;
				INFOPLIST_KEY_UILaunchScreen_Generation = YES;
				INFOPLIST_KEY_UISupportedInterfaceOrientations_iPad = "UIInterfaceOrientationPortrait UIInterfaceOrientationPortraitUpsideDown UIInterfaceOrientationLandscapeLeft UIInterfaceOrientationLandscapeRight";
				INFOPLIST_KEY_UISupportedInterfaceOrientations_iPhone = "UIInterfaceOrientationPortrait UIInterfaceOrientationLandscapeLeft UIInterfaceOrientationLandscapeRight";
				IPHONEOS_DEPLOYMENT_TARGET = 26.4;
				LD_RUNPATH_SEARCH_PATHS = (
					"$(inherited)",
					"@executable_path/Frameworks",
				);
				MARKETING_VERSION = 1.0;
				PRODUCT_BUNDLE_IDENTIFIER = com.amaxsoftware.swiftblog.03.TestableViewsAndModels;
				PRODUCT_NAME = "$(TARGET_NAME)";
				SDKROOT = iphoneos;
				STRING_CATALOG_GENERATE_SYMBOLS = YES;
				SUPPORTED_PLATFORMS = "iphoneos iphonesimulator";
				SUPPORTS_MACCATALYST = NO;
				SUPPORTS_XR_DESIGNED_FOR_IPHONE_IPAD = NO;
				SWIFT_APPROACHABLE_CONCURRENCY = YES;
				SWIFT_DEFAULT_ACTOR_ISOLATION = MainActor;
				SWIFT_EMIT_LOC_STRINGS = YES;
				SWIFT_UPCOMING_FEATURE_MEMBER_IMPORT_VISIBILITY = YES;
				SWIFT_VERSION = 6.0;
				TARGETED_DEVICE_FAMILY = "1,2";
			};
			name = Debug;
		};
		C7C96AAF2F7D41C600FB5725 /* Release */ = {
			isa = XCBuildConfiguration;
			buildSettings = {
				ASSETCATALOG_COMPILER_APPICON_NAME = AppIcon;
				ASSETCATALOG_COMPILER_GLOBAL_ACCENT_COLOR_NAME = AccentColor;
				CODE_SIGN_STYLE = Automatic;
				CURRENT_PROJECT_VERSION = 1;
				DEVELOPMENT_TEAM = 74XK48A2YW;
				ENABLE_PREVIEWS = YES;
				GENERATE_INFOPLIST_FILE = YES;
				INFOPLIST_KEY_CFBundleDisplayName = "Testable Views and ViewModels";
				INFOPLIST_KEY_UIApplicationSceneManifest_Generation = YES;
				INFOPLIST_KEY_UIApplicationSupportsIndirectInputEvents = YES;
				INFOPLIST_KEY_UILaunchScreen_Generation = YES;
				INFOPLIST_KEY_UISupportedInterfaceOrientations_iPad = "UIInterfaceOrientationPortrait UIInterfaceOrientationPortraitUpsideDown UIInterfaceOrientationLandscapeLeft UIInterfaceOrientationLandscapeRight";
				INFOPLIST_KEY_UISupportedInterfaceOrientations_iPhone = "UIInterfaceOrientationPortrait UIInterfaceOrientationLandscapeLeft UIInterfaceOrientationLandscapeRight";
				IPHONEOS_DEPLOYMENT_TARGET = 26.4;
				LD_RUNPATH_SEARCH_PATHS = (
					"$(inherited)",
					"@executable_path/Frameworks",
				);
				MARKETING_VERSION = 1.0;
				PRODUCT_BUNDLE_IDENTIFIER = com.amaxsoftware.swiftblog.03.TestableViewsAndModels;
				PRODUCT_NAME = "$(TARGET_NAME)";
				SDKROOT = iphoneos;
				STRING_CATALOG_GENERATE_SYMBOLS = YES;
				SUPPORTED_PLATFORMS = "iphoneos iphonesimulator";
				SUPPORTS_MACCATALYST = NO;
				SUPPORTS_XR_DESIGNED_FOR_IPHONE_IPAD = NO;
				SWIFT_APPROACHABLE_CONCURRENCY = YES;
				SWIFT_DEFAULT_ACTOR_ISOLATION = MainActor;
				SWIFT_EMIT_LOC_STRINGS = YES;
				SWIFT_UPCOMING_FEATURE_MEMBER_IMPORT_VISIBILITY = YES;
				SWIFT_VERSION = 6.0;
				TARGETED_DEVICE_FAMILY = "1,2";
				VALIDATE_PRODUCT = YES;
			};
			name = Release;
		};
		C7C96AB22F7D41C600FB5725 /* Debug */ = {
			isa = XCBuildConfiguration;
			buildSettings = {
				CODE_SIGN_STYLE = Automatic;
				CURRENT_PROJECT_VERSION = 1;
				DEVELOPMENT_TEAM = 74XK48A2YW;
				GENERATE_INFOPLIST_FILE = YES;
				IPHONEOS_DEPLOYMENT_TARGET = 26.4;
				MARKETING_VERSION = 1.0;
				PRODUCT_BUNDLE_IDENTIFIER = "com.amaxsoftware.-3---Testable-SwiftUI-Views-and-ViewModelsUITests";
				PRODUCT_NAME = "$(TARGET_NAME)";
				SDKROOT = iphoneos;
				STRING_CATALOG_GENERATE_SYMBOLS = NO;
				SWIFT_APPROACHABLE_CONCURRENCY = YES;
				SWIFT_EMIT_LOC_STRINGS = NO;
				SWIFT_UPCOMING_FEATURE_MEMBER_IMPORT_VISIBILITY = YES;
				SWIFT_VERSION = 6.0;
				TARGETED_DEVICE_FAMILY = "1,2";
				TEST_TARGET_NAME = "03 - Testable SwiftUI Views and ViewModels";
			};
			name = Debug;
		};
		C7C96AB32F7D41C600FB5725 /* Release */ = {
			isa = XCBuildConfiguration;
			buildSettings = {
				CODE_SIGN_STYLE = Automatic;
				CURRENT_PROJECT_VERSION = 1;
				DEVELOPMENT_TEAM = 74XK48A2YW;
				GENERATE_INFOPLIST_FILE = YES;
				IPHONEOS_DEPLOYMENT_TARGET = 26.4;
				MARKETING_VERSION = 1.0;
				PRODUCT_BUNDLE_IDENTIFIER = "com.amaxsoftware.-3---Testable-SwiftUI-Views-and-ViewModelsUITests";
				PRODUCT_NAME = "$(TARGET_NAME)";
				SDKROOT = iphoneos;
				STRING_CATALOG_GENERATE_SYMBOLS = NO;
				SWIFT_APPROACHABLE_CONCURRENCY = YES;
				SWIFT_EMIT_LOC_STRINGS = NO;
				SWIFT_UPCOMING_FEATURE_MEMBER_IMPORT_VISIBILITY = YES;
				SWIFT_VERSION = 6.0;
				TARGETED_DEVICE_FAMILY = "1,2";
				TEST_TARGET_NAME = "03 - Testable SwiftUI Views and ViewModels";
				VALIDATE_PRODUCT = YES;
			};
			name = Release;
		};
		C7F54BDF2F701E6D00C02C6F /* Debug */ = {
			isa = XCBuildConfiguration;
			buildSettings = {
				ALWAYS_SEARCH_USER_PATHS = NO;
				ASSETCATALOG_COMPILER_GENERATE_SWIFT_ASSET_SYMBOL_EXTENSIONS = YES;
				CLANG_ANALYZER_LOCALIZABILITY_NONLOCALIZED = YES;
				CLANG_ANALYZER_NONNULL = YES;
				CLANG_ANALYZER_NUMBER_OBJECT_CONVERSION = YES_AGGRESSIVE;
				CLANG_CXX_LANGUAGE_STANDARD = "gnu++20";
				CLANG_ENABLE_MODULES = YES;
				CLANG_ENABLE_OBJC_ARC = YES;
				CLANG_ENABLE_OBJC_WEAK = YES;
				CLANG_WARN_BLOCK_CAPTURE_AUTORELEASING = YES;
				CLANG_WARN_BOOL_CONVERSION = YES;
				CLANG_WARN_COMMA = YES;
				CLANG_WARN_CONSTANT_CONVERSION = YES;
				CLANG_WARN_DEPRECATED_OBJC_IMPLEMENTATIONS = YES;
				CLANG_WARN_DIRECT_OBJC_ISA_USAGE = YES_ERROR;
				CLANG_WARN_DOCUMENTATION_COMMENTS = YES;
				CLANG_WARN_EMPTY_BODY = YES;
				CLANG_WARN_ENUM_CONVERSION = YES;
				CLANG_WARN_INFINITE_RECURSION = YES;
				CLANG_WARN_INT_CONVERSION = YES;
				CLANG_WARN_NON_LITERAL_NULL_CONVERSION = YES;
				CLANG_WARN_OBJC_IMPLICIT_RETAIN_SELF = YES;
				CLANG_WARN_OBJC_LITERAL_CONVERSION = YES;
				CLANG_WARN_OBJC_ROOT_CLASS = YES_ERROR;
				CLANG_WARN_QUOTED_INCLUDE_IN_FRAMEWORK_HEADER = YES;
				CLANG_WARN_RANGE_LOOP_ANALYSIS = YES;
				CLANG_WARN_STRICT_PROTOTYPES = YES;
				CLANG_WARN_SUSPICIOUS_MOVE = YES;
				CLANG_WARN_UNGUARDED_AVAILABILITY = YES_AGGRESSIVE;
				CLANG_WARN_UNREACHABLE_CODE = YES;
				CLANG_WARN__DUPLICATE_METHOD_MATCH = YES;
				COPY_PHASE_STRIP = NO;
				DEAD_CODE_STRIPPING = YES;
				DEBUG_INFORMATION_FORMAT = dwarf;
				DEVELOPMENT_TEAM = 74XK48A2YW;
				ENABLE_STRICT_OBJC_MSGSEND = YES;
				ENABLE_TESTABILITY = YES;
				ENABLE_USER_SCRIPT_SANDBOXING = YES;
				GCC_C_LANGUAGE_STANDARD = gnu17;
				GCC_DYNAMIC_NO_PIC = NO;
				GCC_NO_COMMON_BLOCKS = YES;
				GCC_OPTIMIZATION_LEVEL = 0;
				GCC_PREPROCESSOR_DEFINITIONS = (
					"DEBUG=1",
					"$(inherited)",
				);
				GCC_WARN_64_TO_32_BIT_CONVERSION = YES;
				GCC_WARN_ABOUT_RETURN_TYPE = YES_ERROR;
				GCC_WARN_UNDECLARED_SELECTOR = YES;
				GCC_WARN_UNINITIALIZED_AUTOS = YES_AGGRESSIVE;
				GCC_WARN_UNUSED_FUNCTION = YES;
				GCC_WARN_UNUSED_VARIABLE = YES;
				LOCALIZATION_PREFERS_STRING_CATALOGS = YES;
				MACOSX_DEPLOYMENT_TARGET = 26.2;
				MTL_ENABLE_DEBUG_INFO = INCLUDE_SOURCE;
				MTL_FAST_MATH = YES;
				ONLY_ACTIVE_ARCH = YES;
				SDKROOT = macosx;
				STRING_CATALOG_GENERATE_SYMBOLS = YES;
				SWIFT_ACTIVE_COMPILATION_CONDITIONS = "DEBUG $(inherited)";
				SWIFT_EMIT_LOC_STRINGS = YES;
				SWIFT_OPTIMIZATION_LEVEL = "-Onone";
			};
			name = Debug;
		};
		C7F54BE02F701E6D00C02C6F /* Release */ = {
			isa = XCBuildConfiguration;
			buildSettings = {
				ALWAYS_SEARCH_USER_PATHS = NO;
				ASSETCATALOG_COMPILER_GENERATE_SWIFT_ASSET_SYMBOL_EXTENSIONS = YES;
				CLANG_ANALYZER_LOCALIZABILITY_NONLOCALIZED = YES;
				CLANG_ANALYZER_NONNULL = YES;
				CLANG_ANALYZER_NUMBER_OBJECT_CONVERSION = YES_AGGRESSIVE;
				CLANG_CXX_LANGUAGE_STANDARD = "gnu++20";
				CLANG_ENABLE_MODULES = YES;
				CLANG_ENABLE_OBJC_ARC = YES;
				CLANG_ENABLE_OBJC_WEAK = YES;
				CLANG_WARN_BLOCK_CAPTURE_AUTORELEASING = YES;
				CLANG_WARN_BOOL_CONVERSION = YES;
				CLANG_WARN_COMMA = YES;
				CLANG_WARN_CONSTANT_CONVERSION = YES;
				CLANG_WARN_DEPRECATED_OBJC_IMPLEMENTATIONS = YES;
				CLANG_WARN_DIRECT_OBJC_ISA_USAGE = YES_ERROR;
				CLANG_WARN_DOCUMENTATION_COMMENTS = YES;
				CLANG_WARN_EMPTY_BODY = YES;
				CLANG_WARN_ENUM_CONVERSION = YES;
				CLANG_WARN_INFINITE_RECURSION = YES;
				CLANG_WARN_INT_CONVERSION = YES;
				CLANG_WARN_NON_LITERAL_NULL_CONVERSION = YES;
				CLANG_WARN_OBJC_IMPLICIT_RETAIN_SELF = YES;
				CLANG_WARN_OBJC_LITERAL_CONVERSION = YES;
				CLANG_WARN_OBJC_ROOT_CLASS = YES_ERROR;
				CLANG_WARN_QUOTED_INCLUDE_IN_FRAMEWORK_HEADER = YES;
				CLANG_WARN_RANGE_LOOP_ANALYSIS = YES;
				CLANG_WARN_STRICT_PROTOTYPES = YES;
				CLANG_WARN_SUSPICIOUS_MOVE = YES;
				CLANG_WARN_UNGUARDED_AVAILABILITY = YES_AGGRESSIVE;
				CLANG_WARN_UNREACHABLE_CODE = YES;
				CLANG_WARN__DUPLICATE_METHOD_MATCH = YES;
				COPY_PHASE_STRIP = NO;
				DEAD_CODE_STRIPPING = YES;
				DEBUG_INFORMATION_FORMAT = "dwarf-with-dsym";
				DEVELOPMENT_TEAM = 74XK48A2YW;
				ENABLE_NS_ASSERTIONS = NO;
				ENABLE_STRICT_OBJC_MSGSEND = YES;
				ENABLE_USER_SCRIPT_SANDBOXING = YES;
				GCC_C_LANGUAGE_STANDARD = gnu17;
				GCC_NO_COMMON_BLOCKS = YES;
				GCC_WARN_64_TO_32_BIT_CONVERSION = YES;
				GCC_WARN_ABOUT_RETURN_TYPE = YES_ERROR;
				GCC_WARN_UNDECLARED_SELECTOR = YES;
				GCC_WARN_UNINITIALIZED_AUTOS = YES_AGGRESSIVE;
				GCC_WARN_UNUSED_FUNCTION = YES;
				GCC_WARN_UNUSED_VARIABLE = YES;
				LOCALIZATION_PREFERS_STRING_CATALOGS = YES;
				MACOSX_DEPLOYMENT_TARGET = 26.2;
				MTL_ENABLE_DEBUG_INFO = NO;
				MTL_FAST_MATH = YES;
				SDKROOT = macosx;
				STRING_CATALOG_GENERATE_SYMBOLS = YES;
				SWIFT_COMPILATION_MODE = wholemodule;
				SWIFT_EMIT_LOC_STRINGS = YES;
			};
			name = Release;
		};
		C7F54BE22F701E6D00C02C6F /* Debug */ = {
			isa = XCBuildConfiguration;
			buildSettings = {
				ASSETCATALOG_COMPILER_APPICON_NAME = AppIcon;
				ASSETCATALOG_COMPILER_GLOBAL_ACCENT_COLOR_NAME = AccentColor;
				CODE_SIGN_STYLE = Automatic;
				COMBINE_HIDPI_IMAGES = YES;
				CURRENT_PROJECT_VERSION = 1;
				DEAD_CODE_STRIPPING = YES;
				DEVELOPMENT_TEAM = 74XK48A2YW;
				ENABLE_APP_SANDBOX = YES;
				ENABLE_HARDENED_RUNTIME = YES;
				ENABLE_PREVIEWS = YES;
				ENABLE_USER_SELECTED_FILES = readonly;
				GENERATE_INFOPLIST_FILE = YES;
				INFOPLIST_FILE = "";
				INFOPLIST_KEY_NSHumanReadableCopyright = "";
				LD_RUNPATH_SEARCH_PATHS = (
					"$(inherited)",
					"@executable_path/../Frameworks",
				);
				MARKETING_VERSION = 1.0;
				PRODUCT_BUNDLE_IDENTIFIER = com.amaxsoftware.blog.localization;
				PRODUCT_NAME = "$(TARGET_NAME)";
				REGISTER_APP_GROUPS = YES;
				STRING_CATALOG_GENERATE_SYMBOLS = YES;
				SWIFT_APPROACHABLE_CONCURRENCY = YES;
				SWIFT_DEFAULT_ACTOR_ISOLATION = MainActor;
				SWIFT_EMIT_LOC_STRINGS = YES;
				SWIFT_UPCOMING_FEATURE_MEMBER_IMPORT_VISIBILITY = YES;
				SWIFT_VERSION = 6.0;
			};
			name = Debug;
		};
		C7F54BE32F701E6D00C02C6F /* Release */ = {
			isa = XCBuildConfiguration;
			buildSettings = {
				ASSETCATALOG_COMPILER_APPICON_NAME = AppIcon;
				ASSETCATALOG_COMPILER_GLOBAL_ACCENT_COLOR_NAME = AccentColor;
				CODE_SIGN_STYLE = Automatic;
				COMBINE_HIDPI_IMAGES = YES;
				CURRENT_PROJECT_VERSION = 1;
				DEAD_CODE_STRIPPING = YES;
				DEVELOPMENT_TEAM = 74XK48A2YW;
				ENABLE_APP_SANDBOX = YES;
				ENABLE_HARDENED_RUNTIME = YES;
				ENABLE_PREVIEWS = YES;
				ENABLE_USER_SELECTED_FILES = readonly;
				GENERATE_INFOPLIST_FILE = YES;
				INFOPLIST_FILE = "";
				INFOPLIST_KEY_NSHumanReadableCopyright = "";
				LD_RUNPATH_SEARCH_PATHS = (
					"$(inherited)",
					"@executable_path/../Frameworks",
				);
				MARKETING_VERSION = 1.0;
				PRODUCT_BUNDLE_IDENTIFIER = com.amaxsoftware.blog.localization;
				PRODUCT_NAME = "$(TARGET_NAME)";
				REGISTER_APP_GROUPS = YES;
				STRING_CATALOG_GENERATE_SYMBOLS = YES;
				SWIFT_APPROACHABLE_CONCURRENCY = YES;
				SWIFT_DEFAULT_ACTOR_ISOLATION = MainActor;
				SWIFT_EMIT_LOC_STRINGS = YES;
				SWIFT_UPCOMING_FEATURE_MEMBER_IMPORT_VISIBILITY = YES;
				SWIFT_VERSION = 6.0;
			};
			name = Release;
		};
		C7F54BE52F701E6D00C02C6F /* Debug */ = {
			isa = XCBuildConfiguration;
			buildSettings = {
				BUNDLE_LOADER = "$(TEST_HOST)";
				CODE_SIGN_STYLE = Automatic;
				CURRENT_PROJECT_VERSION = 1;
				DEAD_CODE_STRIPPING = YES;
				DEVELOPMENT_TEAM = 74XK48A2YW;
				GENERATE_INFOPLIST_FILE = YES;
				MACOSX_DEPLOYMENT_TARGET = 26.2;
				MARKETING_VERSION = 1.0;
				PRODUCT_BUNDLE_IDENTIFIER = "com.amaxsoftware.Blog-01---LocalizationTests";
				PRODUCT_NAME = "$(TARGET_NAME)";
				STRING_CATALOG_GENERATE_SYMBOLS = NO;
				SWIFT_APPROACHABLE_CONCURRENCY = YES;
				SWIFT_EMIT_LOC_STRINGS = NO;
				SWIFT_UPCOMING_FEATURE_MEMBER_IMPORT_VISIBILITY = YES;
				SWIFT_VERSION = 6.0;
				TEST_HOST = "$(BUILT_PRODUCTS_DIR)/Blog 01 - Localization.app/$(BUNDLE_EXECUTABLE_FOLDER_PATH)/Blog 01 - Localization";
			};
			name = Debug;
		};
		C7F54BE62F701E6D00C02C6F /* Release */ = {
			isa = XCBuildConfiguration;
			buildSettings = {
				BUNDLE_LOADER = "$(TEST_HOST)";
				CODE_SIGN_STYLE = Automatic;
				CURRENT_PROJECT_VERSION = 1;
				DEAD_CODE_STRIPPING = YES;
				DEVELOPMENT_TEAM = 74XK48A2YW;
				GENERATE_INFOPLIST_FILE = YES;
				MACOSX_DEPLOYMENT_TARGET = 26.2;
				MARKETING_VERSION = 1.0;
				PRODUCT_BUNDLE_IDENTIFIER = "com.amaxsoftware.Blog-01---LocalizationTests";
				PRODUCT_NAME = "$(TARGET_NAME)";
				STRING_CATALOG_GENERATE_SYMBOLS = NO;
				SWIFT_APPROACHABLE_CONCURRENCY = YES;
				SWIFT_EMIT_LOC_STRINGS = NO;
				SWIFT_UPCOMING_FEATURE_MEMBER_IMPORT_VISIBILITY = YES;
				SWIFT_VERSION = 6.0;
				TEST_HOST = "$(BUILT_PRODUCTS_DIR)/Blog 01 - Localization.app/$(BUNDLE_EXECUTABLE_FOLDER_PATH)/Blog 01 - Localization";
			};
			name = Release;
		};
/* End XCBuildConfiguration section */

/* Begin XCConfigurationList section */
		C72F72122F7E86DF0003E3B1 /* Build configuration list for PBXNativeTarget "03 - Testable SwiftUI Views and ViewModels UnitTests" */ = {
			isa = XCConfigurationList;
			buildConfigurations = (
				C72F72132F7E86DF0003E3B1 /* Debug */,
				C72F72142F7E86DF0003E3B1 /* Release */,
			);
			defaultConfigurationIsVisible = 0;
			defaultConfigurationName = Release;
		};
		C78ABC972F879B8A00B7B600 /* Build configuration list for PBXNativeTarget "04 - HttpClient" */ = {
			isa = XCConfigurationList;
			buildConfigurations = (
				C78ABC912F879B8A00B7B600 /* Debug */,
				C78ABC922F879B8A00B7B600 /* Release */,
			);
			defaultConfigurationIsVisible = 0;
			defaultConfigurationName = Release;
		};
		C78ABC982F879B8A00B7B600 /* Build configuration list for PBXNativeTarget "04 - HttpClientTests" */ = {
			isa = XCConfigurationList;
			buildConfigurations = (
				C78ABC932F879B8A00B7B600 /* Debug */,
				C78ABC942F879B8A00B7B600 /* Release */,
			);
			defaultConfigurationIsVisible = 0;
			defaultConfigurationName = Release;
		};
		C7B8637B2F76A7FB00B71A6B /* Build configuration list for PBXNativeTarget "02 - DynamicPublisher" */ = {
			isa = XCConfigurationList;
			buildConfigurations = (
				C7B863792F76A7FB00B71A6B /* Debug */,
				C7B8637A2F76A7FB00B71A6B /* Release */,
			);
			defaultConfigurationIsVisible = 0;
			defaultConfigurationName = Release;
		};
		C7C96AB42F7D41C600FB5725 /* Build configuration list for PBXNativeTarget "03 - Testable SwiftUI Views and ViewModels" */ = {
			isa = XCConfigurationList;
			buildConfigurations = (
				C7C96AAE2F7D41C600FB5725 /* Debug */,
				C7C96AAF2F7D41C600FB5725 /* Release */,
			);
			defaultConfigurationIsVisible = 0;
			defaultConfigurationName = Release;
		};
		C7C96AB62F7D41C600FB5725 /* Build configuration list for PBXNativeTarget "03 - Testable SwiftUI Views and ViewModelsUITests" */ = {
			isa = XCConfigurationList;
			buildConfigurations = (
				C7C96AB22F7D41C600FB5725 /* Debug */,
				C7C96AB32F7D41C600FB5725 /* Release */,
			);
			defaultConfigurationIsVisible = 0;
			defaultConfigurationName = Release;
		};
		C7F54BBB2F701E6B00C02C6F /* Build configuration list for PBXProject "SwiftDeveloperBlog" */ = {
			isa = XCConfigurationList;
			buildConfigurations = (
				C7F54BDF2F701E6D00C02C6F /* Debug */,
				C7F54BE02F701E6D00C02C6F /* Release */,
			);
			defaultConfigurationIsVisible = 0;
			defaultConfigurationName = Release;
		};
		C7F54BE12F701E6D00C02C6F /* Build configuration list for PBXNativeTarget "01 - Localization" */ = {
			isa = XCConfigurationList;
			buildConfigurations = (
				C7F54BE22F701E6D00C02C6F /* Debug */,
				C7F54BE32F701E6D00C02C6F /* Release */,
			);
			defaultConfigurationIsVisible = 0;
			defaultConfigurationName = Release;
		};
		C7F54BE42F701E6D00C02C6F /* Build configuration list for PBXNativeTarget "01 - LocalizationTests" */ = {
			isa = XCConfigurationList;
			buildConfigurations = (
				C7F54BE52F701E6D00C02C6F /* Debug */,
				C7F54BE62F701E6D00C02C6F /* Release */,
			);
			defaultConfigurationIsVisible = 0;
			defaultConfigurationName = Release;
		};
/* End XCConfigurationList section */

/* Begin XCSwiftPackageProductDependency section */
		C7039B052F7D025C00047CF7 /* DynamicPublisher */ = {
			isa = XCSwiftPackageProductDependency;
			productName = DynamicPublisher;
		};
		C731A4702F702A7C00B93DAB /* A */ = {
			isa = XCSwiftPackageProductDependency;
			productName = A;
		};
		C731A4722F702A7F00B93DAB /* B */ = {
			isa = XCSwiftPackageProductDependency;
			productName = B;
		};
		C7C96AB82F7D452C00FB5725 /* DynamicPublisher */ = {
			isa = XCSwiftPackageProductDependency;
			productName = DynamicPublisher;
		};
/* End XCSwiftPackageProductDependency section */
	};
	rootObject = C7F54BB82F701E6B00C02C6F /* Project object */;
}
